
Microsoft Visual Studio Solution File, Format Version 12.00
# Visual Studio Version 16
VisualStudioVersion = 16.0.29926.136
MinimumVisualStudioVersion = 10.0.40219.1
Project("{FAE04EC0-301F-11D3-BF4B-00C04F79EFBC}") = "TaskManagerWPF", "TaskManagerWPF.csproj", "{6BABC08D-95A5-4031-A6DB-7D26C6DA9A76}"
EndProject
Project("{FAE04EC0-301F-11D3-BF4B-00C04F79EFBC}") = "NUnitTestTaskManagerWPF", "NUnitTestTaskManagerWPF\NUnitTestTaskManagerWPF.csproj", "{A8DDE03C-4BE4-4F63-BEE3-797D38A4AFA9}"
EndProject
Global
	GlobalSection(SolutionConfigurationPlatforms) = preSolution
		Debug|Any CPU = Debug|Any CPU
		Release|Any CPU = Release|Any CPU
	EndGlobalSection
	GlobalSection(ProjectConfigurationPlatforms) = postSolution
		{6BABC08D-95A5-4031-A6DB-7D26C6DA9A76}.Debug|Any CPU.ActiveCfg = Debug|Any CPU
		{6BABC08D-95A5-4031-A6DB-7D26C6DA9A76}.Debug|Any CPU.Build.0 = Debug|Any CPU
		{6BABC08D-95A5-4031-A6DB-7D26C6DA9A76}.Release|Any CPU.ActiveCfg = Release|Any CPU
		{6BABC08D-95A5-4031-A6DB-7D26C6DA9A76}.Release|Any CPU.Build.0 = Release|Any CPU
		{A8DDE03C-4BE4-4F63-BEE3-797D38A4AFA9}.Debug|Any CPU.ActiveCfg = Debug|Any CPU
		{A8DDE03C-4BE4-4F63-BEE3-797D38A4AFA9}.Debug|Any CPU.Build.0 = Debug|Any CPU
		{A8DDE03C-4BE4-4F63-BEE3-797D38A4AFA9}.Release|Any CPU.ActiveCfg = Release|Any CPU
		{A8DDE03C-4BE4-4F63-BEE3-797D38A4AFA9}.Release|Any CPU.Build.0 = Release|Any CPU
	EndGlobalSection
	GlobalSection(SolutionProperties) = preSolution
		HideSolutionNode = FALSE
	EndGlobalSection
	GlobalSection(ExtensibilityGlobals) = postSolution
		SolutionGuid = {477BFA86-A5DB-45E6-B7D1-74E14766D40D}
	EndGlobalSection
EndGlobal
